
Microsoft Visual Studio Solution File, Format Version 12.00
# Visual Studio Version 17
VisualStudioVersion = 17.5.002.0
MinimumVisualStudioVersion = 10.0.40219.1
Project("{9A19103F-16F7-4668-BE54-9A1E7A4F7556}") = "helloworldtest", "helloworldtest.csproj", "{3578D53C-3589-400D-AC2D-EB8F80CF17EC}"
EndProject
Global
	GlobalSection(SolutionConfigurationPlatforms) = preSolution
		Debug|Any CPU = Debug|Any CPU
		Release|Any CPU = Release|Any CPU
	EndGlobalSection
	GlobalSection(ProjectConfigurationPlatforms) = postSolution
		{3578D53C-3589-400D-AC2D-EB8F80CF17EC}.Debug|Any CPU.ActiveCfg = Debug|Any CPU
		{3578D53C-3589-400D-AC2D-EB8F80CF17EC}.Debug|Any CPU.Build.0 = Debug|Any CPU
		{3578D53C-3589-400D-AC2D-EB8F80CF17EC}.Release|Any CPU.ActiveCfg = Release|Any CPU
		{3578D53C-3589-400D-AC2D-EB8F80CF17EC}.Release|Any CPU.Build.0 = Release|Any CPU
	EndGlobalSection
	GlobalSection(SolutionProperties) = preSolution
		HideSolutionNode = FALSE
	EndGlobalSection
	GlobalSection(ExtensibilityGlobals) = postSolution
		SolutionGuid = {BFBF3CEB-819D-41F5-854E-9E31C1706EE6}
	EndGlobalSection
EndGlobal
